// !$*UTF8*$!
{
	archiveVersion = 1;
	classes = {
	};
	objectVersion = 55;
	objects = {

/* Begin PBXBuildFile section */
		6BEB61D3C7960D21887500F1 /* Pods_RxSwiftPractice.framework in Frameworks */ = {isa = PBXBuildFile; fileRef = 11B71C0B4570E1B08F653B98 /* Pods_RxSwiftPractice.framework */; };
		A5B7C21128164469002C67CB /* AppDelegate.swift in Sources */ = {isa = PBXBuildFile; fileRef = A5B7C21028164469002C67CB /* AppDelegate.swift */; };
		A5B7C21328164469002C67CB /* SceneDelegate.swift in Sources */ = {isa = PBXBuildFile; fileRef = A5B7C21228164469002C67CB /* SceneDelegate.swift */; };
		A5B7C21528164469002C67CB /* ViewController.swift in Sources */ = {isa = PBXBuildFile; fileRef = A5B7C21428164469002C67CB /* ViewController.swift */; };
		A5B7C21828164469002C67CB /* Main.storyboard in Resources */ = {isa = PBXBuildFile; fileRef = A5B7C21628164469002C67CB /* Main.storyboard */; };
		A5B7C21A2816446A002C67CB /* Assets.xcassets in Resources */ = {isa = PBXBuildFile; fileRef = A5B7C2192816446A002C67CB /* Assets.xcassets */; };
		A5B7C21D2816446A002C67CB /* LaunchScreen.storyboard in Resources */ = {isa = PBXBuildFile; fileRef = A5B7C21B2816446A002C67CB /* LaunchScreen.storyboard */; };
/* End PBXBuildFile section */

/* Begin PBXFileReference section */
		11B71C0B4570E1B08F653B98 /* Pods_RxSwiftPractice.framework */ = {isa = PBXFileReference; explicitFileType = wrapper.framework; includeInIndex = 0; path = Pods_RxSwiftPractice.framework; sourceTree = BUILT_PRODUCTS_DIR; };
		66B6512894BD3EBB36ECDC29 /* Pods-RxSwiftPractice.release.xcconfig */ = {isa = PBXFileReference; includeInIndex = 1; lastKnownFileType = text.xcconfig; name = "Pods-RxSwiftPractice.release.xcconfig"; path = "Target Support Files/Pods-RxSwiftPractice/Pods-RxSwiftPractice.release.xcconfig"; sourceTree = "<group>"; };
		A5B7C20D28164469002C67CB /* RxSwiftPractice.app */ = {isa = PBXFileReference; explicitFileType = wrapper.application; includeInIndex = 0; path = RxSwiftPractice.app; sourceTree = BUILT_PRODUCTS_DIR; };
		A5B7C21028164469002C67CB /* AppDelegate.swift */ = {isa = PBXFileReference; lastKnownFileType = sourcecode.swift; path = AppDelegate.swift; sourceTree = "<group>"; };
		A5B7C21228164469002C67CB /* SceneDelegate.swift */ = {isa = PBXFileReference; lastKnownFileType = sourcecode.swift; path = SceneDelegate.swift; sourceTree = "<group>"; };
		A5B7C21428164469002C67CB /* ViewController.swift */ = {isa = PBXFileReference; lastKnownFileType = sourcecode.swift; path = ViewController.swift; sourceTree = "<group>"; };
		A5B7C21728164469002C67CB /* Base */ = {isa = PBXFileReference; lastKnownFileType = file.storyboard; name = Base; path = Base.lproj/Main.storyboard; sourceTree = "<group>"; };
		A5B7C2192816446A002C67CB /* Assets.xcassets */ = {isa = PBXFileReference; lastKnownFileType = folder.assetcatalog; path = Assets.xcassets; sourceTree = "<group>"; };
		A5B7C21C2816446A002C67CB /* Base */ = {isa = PBXFileReference; lastKnownFileType = file.storyboard; name = Base; path = Base.lproj/LaunchScreen.storyboard; sourceTree = "<group>"; };
		A5B7C21E2816446A002C67CB /* Info.plist */ = {isa = PBXFileReference; lastKnownFileType = text.plist.xml; path = Info.plist; sourceTree = "<group>"; };
		A5B7C2242816452B002C67CB /* Observable.playground */ = {isa = PBXFileReference; lastKnownFileType = file.playground; path = Observable.playground; sourceTree = "<group>"; xcLanguageSpecificationIdentifier = xcode.lang.swift; };
		A5B7C22528164F79002C67CB /* Traits.playground */ = {isa = PBXFileReference; lastKnownFileType = file.playground; path = Traits.playground; sourceTree = "<group>"; xcLanguageSpecificationIdentifier = xcode.lang.swift; };
		A5B7C2262816EDE3002C67CB /* Subjects.playground */ = {isa = PBXFileReference; lastKnownFileType = file.playground; path = Subjects.playground; sourceTree = "<group>"; xcLanguageSpecificationIdentifier = xcode.lang.swift; };
		A5B7C22728170300002C67CB /* FilteringOperators.playground */ = {isa = PBXFileReference; lastKnownFileType = file.playground; path = FilteringOperators.playground; sourceTree = "<group>"; xcLanguageSpecificationIdentifier = xcode.lang.swift; };
		EC28AE889B10B7028470B1E8 /* Pods-RxSwiftPractice.debug.xcconfig */ = {isa = PBXFileReference; includeInIndex = 1; lastKnownFileType = text.xcconfig; name = "Pods-RxSwiftPractice.debug.xcconfig"; path = "Target Support Files/Pods-RxSwiftPractice/Pods-RxSwiftPractice.debug.xcconfig"; sourceTree = "<group>"; };
/* End PBXFileReference section */

/* Begin PBXFrameworksBuildPhase section */
		A5B7C20A28164469002C67CB /* Frameworks */ = {
			isa = PBXFrameworksBuildPhase;
			buildActionMask = 2147483647;
			files = (
				6BEB61D3C7960D21887500F1 /* Pods_RxSwiftPractice.framework in Frameworks */,
			);
			runOnlyForDeploymentPostprocessing = 0;
		};
/* End PBXFrameworksBuildPhase section */

/* Begin PBXGroup section */
		1C397BE4E43B502909E6CE79 /* Pods */ = {
			isa = PBXGroup;
			children = (
				EC28AE889B10B7028470B1E8 /* Pods-RxSwiftPractice.debug.xcconfig */,
				66B6512894BD3EBB36ECDC29 /* Pods-RxSwiftPractice.release.xcconfig */,
			);
			path = Pods;
			sourceTree = "<group>";
		};
		A5B7C20428164469002C67CB = {
			isa = PBXGroup;
			children = (
				A5B7C2242816452B002C67CB /* Observable.playground */,
				A5B7C22528164F79002C67CB /* Traits.playground */,
				A5B7C2262816EDE3002C67CB /* Subjects.playground */,
				A5B7C22728170300002C67CB /* FilteringOperators.playground */,
				A5B7C20F28164469002C67CB /* RxSwiftPractice */,
				A5B7C20E28164469002C67CB /* Products */,
				1C397BE4E43B502909E6CE79 /* Pods */,
				A821AE0231F4C0BACA08547A /* Frameworks */,
			);
			sourceTree = "<group>";
		};
		A5B7C20E28164469002C67CB /* Products */ = {
			isa = PBXGroup;
			children = (
				A5B7C20D28164469002C67CB /* RxSwiftPractice.app */,
			);
			name = Products;
			sourceTree = "<group>";
		};
		A5B7C20F28164469002C67CB /* RxSwiftPractice */ = {
			isa = PBXGroup;
			children = (
				A5B7C21028164469002C67CB /* AppDelegate.swift */,
				A5B7C21228164469002C67CB /* SceneDelegate.swift */,
				A5B7C21428164469002C67CB /* ViewController.swift */,
				A5B7C21628164469002C67CB /* Main.storyboard */,
				A5B7C2192816446A002C67CB /* Assets.xcassets */,
				A5B7C21B2816446A002C67CB /* LaunchScreen.storyboard */,
				A5B7C21E2816446A002C67CB /* Info.plist */,
			);
			path = RxSwiftPractice;
			sourceTree = "<group>";
		};
		A821AE0231F4C0BACA08547A /* Frameworks */ = {
			isa = PBXGroup;
			children = (
				11B71C0B4570E1B08F653B98 /* Pods_RxSwiftPractice.framework */,
			);
			name = Frameworks;
			sourceTree = "<group>";
		};
/* End PBXGroup section */

/* Begin PBXNativeTarget section */
		A5B7C20C28164469002C67CB /* RxSwiftPractice */ = {
			isa = PBXNativeTarget;
			buildConfigurationList = A5B7C2212816446A002C67CB /* Build configuration list for PBXNativeTarget "RxSwiftPractice" */;
			buildPhases = (
				B3CD3F0ECB73444911935F97 /* [CP] Check Pods Manifest.lock */,
				A5B7C20928164469002C67CB /* Sources */,
				A5B7C20A28164469002C67CB /* Frameworks */,
				A5B7C20B28164469002C67CB /* Resources */,
				5DB461A39DFA7E601FCACD96 /* [CP] Embed Pods Frameworks */,
			);
			buildRules = (
			);
			dependencies = (
			);
			name = RxSwiftPractice;
			productName = RxSwiftPractice;
			productReference = A5B7C20D28164469002C67CB /* RxSwiftPractice.app */;
			productType = "com.apple.product-type.application";
		};
/* End PBXNativeTarget section */

/* Begin PBXProject section */
		A5B7C20528164469002C67CB /* Project object */ = {
			isa = PBXProject;
			attributes = {
				BuildIndependentTargetsInParallel = 1;
				LastSwiftUpdateCheck = 1330;
				LastUpgradeCheck = 1330;
				TargetAttributes = {
					A5B7C20C28164469002C67CB = {
						CreatedOnToolsVersion = 13.3.1;
					};
				};
			};
			buildConfigurationList = A5B7C20828164469002C67CB /* Build configuration list for PBXProject "RxSwiftPractice" */;
			compatibilityVersion = "Xcode 13.0";
			developmentRegion = en;
			hasScannedForEncodings = 0;
			knownRegions = (
				en,
				Base,
			);
			mainGroup = A5B7C20428164469002C67CB;
			productRefGroup = A5B7C20E28164469002C67CB /* Products */;
			projectDirPath = "";
			projectRoot = "";
			targets = (
				A5B7C20C28164469002C67CB /* RxSwiftPractice */,
			);
		};
/* End PBXProject section */

/* Begin PBXResourcesBuildPhase section */
		A5B7C20B28164469002C67CB /* Resources */ = {
			isa = PBXResourcesBuildPhase;
			buildActionMask = 2147483647;
			files = (
				A5B7C21D2816446A002C67CB /* LaunchScreen.storyboard in Resources */,
				A5B7C21A2816446A002C67CB /* Assets.xcassets in Resources */,
				A5B7C21828164469002C67CB /* Main.storyboard in Resources */,
			);
			runOnlyForDeploymentPostprocessing = 0;
		};
/* End PBXResourcesBuildPhase section */

/* Begin PBXShellScriptBuildPhase section */
		5DB461A39DFA7E601FCACD96 /* [CP] Embed Pods Frameworks */ = {
			isa = PBXShellScriptBuildPhase;
			buildActionMask = 2147483647;
			files = (
			);
			inputFileListPaths = (
				"${PODS_ROOT}/Target Support Files/Pods-RxSwiftPractice/Pods-RxSwiftPractice-frameworks-${CONFIGURATION}-input-files.xcfilelist",
			);
			name = "[CP] Embed Pods Frameworks";
			outputFileListPaths = (
				"${PODS_ROOT}/Target Support Files/Pods-RxSwiftPractice/Pods-RxSwiftPractice-frameworks-${CONFIGURATION}-output-files.xcfilelist",
			);
			runOnlyForDeploymentPostprocessing = 0;
			shellPath = /bin/sh;
			shellScript = "\"${PODS_ROOT}/Target Support Files/Pods-RxSwiftPractice/Pods-RxSwiftPractice-frameworks.sh\"\n";
			showEnvVarsInLog = 0;
		};
		B3CD3F0ECB73444911935F97 /* [CP] Check Pods Manifest.lock */ = {
			isa = PBXShellScriptBuildPhase;
			buildActionMask = 2147483647;
			files = (
			);
			inputFileListPaths = (
			);
			inputPaths = (
				"${PODS_PODFILE_DIR_PATH}/Podfile.lock",
				"${PODS_ROOT}/Manifest.lock",
			);
			name = "[CP] Check Pods Manifest.lock";
			outputFileListPaths = (
			);
			outputPaths = (
				"$(DERIVED_FILE_DIR)/Pods-RxSwiftPractice-checkManifestLockResult.txt",
			);
			runOnlyForDeploymentPostprocessing = 0;
			shellPath = /bin/sh;
			shellScript = "diff \"${PODS_PODFILE_DIR_PATH}/Podfile.lock\" \"${PODS_ROOT}/Manifest.lock\" > /dev/null\nif [ $? != 0 ] ; then\n    # print error to STDERR\n    echo \"error: The sandbox is not in sync with the Podfile.lock. Run 'pod install' or update your CocoaPods installation.\" >&2\n    exit 1\nfi\n# This output is used by Xcode 'outputs' to avoid re-running this script phase.\necho \"SUCCESS\" > \"${SCRIPT_OUTPUT_FILE_0}\"\n";
			showEnvVarsInLog = 0;
		};
/* End PBXShellScriptBuildPhase section */

/* Begin PBXSourcesBuildPhase section */
		A5B7C20928164469002C67CB /* Sources */ = {
			isa = PBXSourcesBuildPhase;
			buildActionMask = 2147483647;
			files = (
				A5B7C21528164469002C67CB /* ViewController.swift in Sources */,
				A5B7C21128164469002C67CB /* AppDelegate.swift in Sources */,
				A5B7C21328164469002C67CB /* SceneDelegate.swift in Sources */,
			);
			runOnlyForDeploymentPostprocessing = 0;
		};
/* End PBXSourcesBuildPhase section */

/* Begin PBXVariantGroup section */
		A5B7C21628164469002C67CB /* Main.storyboard */ = {
			isa = PBXVariantGroup;
			children = (
				A5B7C21728164469002C67CB /* Base */,
			);
			name = Main.storyboard;
			sourceTree = "<group>";
		};
		A5B7C21B2816446A002C67CB /* LaunchScreen.storyboard */ = {
			isa = PBXVariantGroup;
			children = (
				A5B7C21C2816446A002C67CB /* Base */,
			);
			name = LaunchScreen.storyboard;
			sourceTree = "<group>";
		};
/* End PBXVariantGroup section */

/* Begin XCBuildConfiguration section */
		A5B7C21F2816446A002C67CB /* Debug */ = {
			isa = XCBuildConfiguration;
			buildSettings = {
				ALWAYS_SEARCH_USER_PATHS = NO;
				CLANG_ANALYZER_NONNULL = YES;
				CLANG_ANALYZER_NUMBER_OBJECT_CONVERSION = YES_AGGRESSIVE;
				CLANG_CXX_LANGUAGE_STANDARD = "gnu++17";
				CLANG_ENABLE_MODULES = YES;
				CLANG_ENABLE_OBJC_ARC = YES;
				CLANG_ENABLE_OBJC_WEAK = YES;
				CLANG_WARN_BLOCK_CAPTURE_AUTORELEASING = YES;
				CLANG_WARN_BOOL_CONVERSION = YES;
				CLANG_WARN_COMMA = YES;
				CLANG_WARN_CONSTANT_CONVERSION = YES;
				CLANG_WARN_DEPRECATED_OBJC_IMPLEMENTATIONS = YES;
				CLANG_WARN_DIRECT_OBJC_ISA_USAGE = YES_ERROR;
				CLANG_WARN_DOCUMENTATION_COMMENTS = YES;
				CLANG_WARN_EMPTY_BODY = YES;
				CLANG_WARN_ENUM_CONVERSION = YES;
				CLANG_WARN_INFINITE_RECURSION = YES;
				CLANG_WARN_INT_CONVERSION = YES;
				CLANG_WARN_NON_LITERAL_NULL_CONVERSION = YES;
				CLANG_WARN_OBJC_IMPLICIT_RETAIN_SELF = YES;
				CLANG_WARN_OBJC_LITERAL_CONVERSION = YES;
				CLANG_WARN_OBJC_ROOT_CLASS = YES_ERROR;
				CLANG_WARN_QUOTED_INCLUDE_IN_FRAMEWORK_HEADER = YES;
				CLANG_WARN_RANGE_LOOP_ANALYSIS = YES;
				CLANG_WARN_STRICT_PROTOTYPES = YES;
				CLANG_WARN_SUSPICIOUS_MOVE = YES;
				CLANG_WARN_UNGUARDED_AVAILABILITY = YES_AGGRESSIVE;
				CLANG_WARN_UNREACHABLE_CODE = YES;
				CLANG_WARN__DUPLICATE_METHOD_MATCH = YES;
				COPY_PHASE_STRIP = NO;
				DEBUG_INFORMATION_FORMAT = dwarf;
				ENABLE_STRICT_OBJC_MSGSEND = YES;
				ENABLE_TESTABILITY = YES;
				GCC_C_LANGUAGE_STANDARD = gnu11;
				GCC_DYNAMIC_NO_PIC = NO;
				GCC_NO_COMMON_BLOCKS = YES;
				GCC_OPTIMIZATION_LEVEL = 0;
				GCC_PREPROCESSOR_DEFINITIONS = (
					"DEBUG=1",
					"$(inherited)",
				);
				GCC_WARN_64_TO_32_BIT_CONVERSION = YES;
				GCC_WARN_ABOUT_RETURN_TYPE = YES_ERROR;
				GCC_WARN_UNDECLARED_SELECTOR = YES;
				GCC_WARN_UNINITIALIZED_AUTOS = YES_AGGRESSIVE;
				GCC_WARN_UNUSED_FUNCTION = YES;
				GCC_WARN_UNUSED_VARIABLE = YES;
				IPHONEOS_DEPLOYMENT_TARGET = 15.4;
				MTL_ENABLE_DEBUG_INFO = INCLUDE_SOURCE;
				MTL_FAST_MATH = YES;
				ONLY_ACTIVE_ARCH = YES;
				SDKROOT = iphoneos;
				SWIFT_ACTIVE_COMPILATION_CONDITIONS = DEBUG;
				SWIFT_OPTIMIZATION_LEVEL = "-Onone";
			};
			name = Debug;
		};
		A5B7C2202816446A002C67CB /* Release */ = {
			isa = XCBuildConfiguration;
			buildSettings = {
				ALWAYS_SEARCH_USER_PATHS = NO;
				CLANG_ANALYZER_NONNULL = YES;
				CLANG_ANALYZER_NUMBER_OBJECT_CONVERSION = YES_AGGRESSIVE;
				CLANG_CXX_LANGUAGE_STANDARD = "gnu++17";
				CLANG_ENABLE_MODULES = YES;
				CLANG_ENABLE_OBJC_ARC = YES;
				CLANG_ENABLE_OBJC_WEAK = YES;
				CLANG_WARN_BLOCK_CAPTURE_AUTORELEASING = YES;
				CLANG_WARN_BOOL_CONVERSION = YES;
				CLANG_WARN_COMMA = YES;
				CLANG_WARN_CONSTANT_CONVERSION = YES;
				CLANG_WARN_DEPRECATED_OBJC_IMPLEMENTATIONS = YES;
				CLANG_WARN_DIRECT_OBJC_ISA_USAGE = YES_ERROR;
				CLANG_WARN_DOCUMENTATION_COMMENTS = YES;
				CLANG_WARN_EMPTY_BODY = YES;
				CLANG_WARN_ENUM_CONVERSION = YES;
				CLANG_WARN_INFINITE_RECURSION = YES;
				CLANG_WARN_INT_CONVERSION = YES;
				CLANG_WARN_NON_LITERAL_NULL_CONVERSION = YES;
				CLANG_WARN_OBJC_IMPLICIT_RETAIN_SELF = YES;
				CLANG_WARN_OBJC_LITERAL_CONVERSION = YES;
				CLANG_WARN_OBJC_ROOT_CLASS = YES_ERROR;
				CLANG_WARN_QUOTED_INCLUDE_IN_FRAMEWORK_HEADER = YES;
				CLANG_WARN_RANGE_LOOP_ANALYSIS = YES;
				CLANG_WARN_STRICT_PROTOTYPES = YES;
				CLANG_WARN_SUSPICIOUS_MOVE = YES;
				CLANG_WARN_UNGUARDED_AVAILABILITY = YES_AGGRESSIVE;
				CLANG_WARN_UNREACHABLE_CODE = YES;
				CLANG_WARN__DUPLICATE_METHOD_MATCH = YES;
				COPY_PHASE_STRIP = NO;
				DEBUG_INFORMATION_FORMAT = "dwarf-with-dsym";
				ENABLE_NS_ASSERTIONS = NO;
				ENABLE_STRICT_OBJC_MSGSEND = YES;
				GCC_C_LANGUAGE_STANDARD = gnu11;
				GCC_NO_COMMON_BLOCKS = YES;
				GCC_WARN_64_TO_32_BIT_CONVERSION = YES;
				GCC_WARN_ABOUT_RETURN_TYPE = YES_ERROR;
				GCC_WARN_UNDECLARED_SELECTOR = YES;
				GCC_WARN_UNINITIALIZED_AUTOS = YES_AGGRESSIVE;
				GCC_WARN_UNUSED_FUNCTION = YES;
				GCC_WARN_UNUSED_VARIABLE = YES;
				IPHONEOS_DEPLOYMENT_TARGET = 15.4;
				MTL_ENABLE_DEBUG_INFO = NO;
				MTL_FAST_MATH = YES;
				SDKROOT = iphoneos;
				SWIFT_COMPILATION_MODE = wholemodule;
				SWIFT_OPTIMIZATION_LEVEL = "-O";
				VALIDATE_PRODUCT = YES;
			};
			name = Release;
		};
		A5B7C2222816446A002C67CB /* Debug */ = {
			isa = XCBuildConfiguration;
			baseConfigurationReference = EC28AE889B10B7028470B1E8 /* Pods-RxSwiftPractice.debug.xcconfig */;
			buildSettings = {
				ASSETCATALOG_COMPILER_APPICON_NAME = AppIcon;
				ASSETCATALOG_COMPILER_GLOBAL_ACCENT_COLOR_NAME = AccentColor;
				CODE_SIGN_STYLE = Automatic;
				CURRENT_PROJECT_VERSION = 1;
				DEVELOPMENT_TEAM = 547FDNLPUV;
				GENERATE_INFOPLIST_FILE = YES;
				INFOPLIST_FILE = RxSwiftPractice/Info.plist;
				INFOPLIST_KEY_UIApplicationSupportsIndirectInputEvents = YES;
				INFOPLIST_KEY_UILaunchStoryboardName = LaunchScreen;
				INFOPLIST_KEY_UIMainStoryboardFile = Main;
				INFOPLIST_KEY_UISupportedInterfaceOrientations_iPad = "UIInterfaceOrientationPortrait UIInterfaceOrientationPortraitUpsideDown UIInterfaceOrientationLandscapeLeft UIInterfaceOrientationLandscapeRight";
				INFOPLIST_KEY_UISupportedInterfaceOrientations_iPhone = "UIInterfaceOrientationPortrait UIInterfaceOrientationLandscapeLeft UIInterfaceOrientationLandscapeRight";
				LD_RUNPATH_SEARCH_PATHS = (
					"$(inherited)",
					"@executable_path/Frameworks",
				);
				MARKETING_VERSION = 1.0;
				PRODUCT_BUNDLE_IDENTIFIER = yang.RxSwiftPractice;
				PRODUCT_NAME = "$(TARGET_NAME)";
				SWIFT_EMIT_LOC_STRINGS = YES;
				SWIFT_VERSION = 5.0;
				TARGETED_DEVICE_FAMILY = "1,2";
			};
			name = Debug;
		};
		A5B7C2232816446A002C67CB /* Release */ = {
			isa = XCBuildConfiguration;
			baseConfigurationReference = 66B6512894BD3EBB36ECDC29 /* Pods-RxSwiftPractice.release.xcconfig */;
			buildSettings = {
				ASSETCATALOG_COMPILER_APPICON_NAME = AppIcon;
				ASSETCATALOG_COMPILER_GLOBAL_ACCENT_COLOR_NAME = AccentColor;
				CODE_SIGN_STYLE = Automatic;
				CURRENT_PROJECT_VERSION = 1;
				DEVELOPMENT_TEAM = 547FDNLPUV;
				GENERATE_INFOPLIST_FILE = YES;
				INFOPLIST_FILE = RxSwiftPractice/Info.plist;
				INFOPLIST_KEY_UIApplicationSupportsIndirectInputEvents = YES;
				INFOPLIST_KEY_UILaunchStoryboardName = LaunchScreen;
				INFOPLIST_KEY_UIMainStoryboardFile = Main;
				INFOPLIST_KEY_UISupportedInterfaceOrientations_iPad = "UIInterfaceOrientationPortrait UIInterfaceOrientationPortraitUpsideDown UIInterfaceOrientationLandscapeLeft UIInterfaceOrientationLandscapeRight";
				INFOPLIST_KEY_UISupportedInterfaceOrientations_iPhone = "UIInterfaceOrientationPortrait UIInterfaceOrientationLandscapeLeft UIInterfaceOrientationLandscapeRight";
				LD_RUNPATH_SEARCH_PATHS = (
					"$(inherited)",
					"@executable_path/Frameworks",
				);
				MARKETING_VERSION = 1.0;
				PRODUCT_BUNDLE_IDENTIFIER = yang.RxSwiftPractice;
				PRODUCT_NAME = "$(TARGET_NAME)";
				SWIFT_EMIT_LOC_STRINGS = YES;
				SWIFT_VERSION = 5.0;
				TARGETED_DEVICE_FAMILY = "1,2";
			};
			name = Release;
		};
/* End XCBuildConfiguration section */

/* Begin XCConfigurationList section */
		A5B7C20828164469002C67CB /* Build configuration list for PBXProject "RxSwiftPractice" */ = {
			isa = XCConfigurationList;
			buildConfigurations = (
				A5B7C21F2816446A002C67CB /* Debug */,
				A5B7C2202816446A002C67CB /* Release */,
			);
			defaultConfigurationIsVisible = 0;
			defaultConfigurationName = Release;
		};
		A5B7C2212816446A002C67CB /* Build configuration list for PBXNativeTarget "RxSwiftPractice" */ = {
			isa = XCConfigurationList;
			buildConfigurations = (
				A5B7C2222816446A002C67CB /* Debug */,
				A5B7C2232816446A002C67CB /* Release */,
			);
			defaultConfigurationIsVisible = 0;
			defaultConfigurationName = Release;
		};
/* End XCConfigurationList section */
	};
	rootObject = A5B7C20528164469002C67CB /* Project object */;
}
